
Microsoft Visual Studio Solution File, Format Version 12.00
# Visual Studio Version 16
VisualStudioVersion = 16.0.31624.102
MinimumVisualStudioVersion = 10.0.40219.1
Project("{FAE04EC0-301F-11D3-BF4B-00C04F79EFBC}") = "ChapterXVIII.CustomAttributes", "ChapterXVIII.CustomAttributes.csproj", "{65EDEA03-DE1F-42A1-870D-275E6AD730C8}"
EndProject
Global
	GlobalSection(SolutionConfigurationPlatforms) = preSolution
		Debug|Any CPU = Debug|Any CPU
		Release|Any CPU = Release|Any CPU
	EndGlobalSection
	GlobalSection(ProjectConfigurationPlatforms) = postSolution
		{65EDEA03-DE1F-42A1-870D-275E6AD730C8}.Debug|Any CPU.ActiveCfg = Debug|Any CPU
		{65EDEA03-DE1F-42A1-870D-275E6AD730C8}.Debug|Any CPU.Build.0 = Debug|Any CPU
		{65EDEA03-DE1F-42A1-870D-275E6AD730C8}.Release|Any CPU.ActiveCfg = Release|Any CPU
		{65EDEA03-DE1F-42A1-870D-275E6AD730C8}.Release|Any CPU.Build.0 = Release|Any CPU
	EndGlobalSection
	GlobalSection(SolutionProperties) = preSolution
		HideSolutionNode = FALSE
	EndGlobalSection
	GlobalSection(ExtensibilityGlobals) = postSolution
		SolutionGuid = {C5323466-B25C-4FAE-B196-A5E1EC8AC16B}
	EndGlobalSection
EndGlobal
