
Microsoft Visual Studio Solution File, Format Version 12.00
# Visual Studio Version 16
VisualStudioVersion = 16.0.31624.102
MinimumVisualStudioVersion = 10.0.40219.1
Project("{FAE04EC0-301F-11D3-BF4B-00C04F79EFBC}") = "PrimitiveReferenceAndValueTypes", "PrimitiveReferenceAndValueTypes.csproj", "{35F53D76-E05E-4810-BA39-9F228981D8E0}"
EndProject
Global
	GlobalSection(SolutionConfigurationPlatforms) = preSolution
		Debug|Any CPU = Debug|Any CPU
		Release|Any CPU = Release|Any CPU
	EndGlobalSection
	GlobalSection(ProjectConfigurationPlatforms) = postSolution
		{35F53D76-E05E-4810-BA39-9F228981D8E0}.Debug|Any CPU.ActiveCfg = Debug|Any CPU
		{35F53D76-E05E-4810-BA39-9F228981D8E0}.Debug|Any CPU.Build.0 = Debug|Any CPU
		{35F53D76-E05E-4810-BA39-9F228981D8E0}.Release|Any CPU.ActiveCfg = Release|Any CPU
		{35F53D76-E05E-4810-BA39-9F228981D8E0}.Release|Any CPU.Build.0 = Release|Any CPU
	EndGlobalSection
	GlobalSection(SolutionProperties) = preSolution
		HideSolutionNode = FALSE
	EndGlobalSection
	GlobalSection(ExtensibilityGlobals) = postSolution
		SolutionGuid = {E3F0D57F-CCA8-44CA-AB0F-2D14C6A897AB}
	EndGlobalSection
EndGlobal
