
Microsoft Visual Studio Solution File, Format Version 12.00
# Visual Studio Version 16
VisualStudioVersion = 16.0.31624.102
MinimumVisualStudioVersion = 10.0.40219.1
Project("{FAE04EC0-301F-11D3-BF4B-00C04F79EFBC}") = "ChapterXII.GenericTypes", "ChapterXII.GenericTypes.csproj", "{13B90CCB-8F19-4A2C-88C5-6B691641E36D}"
EndProject
Global
	GlobalSection(SolutionConfigurationPlatforms) = preSolution
		Debug|Any CPU = Debug|Any CPU
		Release|Any CPU = Release|Any CPU
	EndGlobalSection
	GlobalSection(ProjectConfigurationPlatforms) = postSolution
		{13B90CCB-8F19-4A2C-88C5-6B691641E36D}.Debug|Any CPU.ActiveCfg = Debug|Any CPU
		{13B90CCB-8F19-4A2C-88C5-6B691641E36D}.Debug|Any CPU.Build.0 = Debug|Any CPU
		{13B90CCB-8F19-4A2C-88C5-6B691641E36D}.Release|Any CPU.ActiveCfg = Release|Any CPU
		{13B90CCB-8F19-4A2C-88C5-6B691641E36D}.Release|Any CPU.Build.0 = Release|Any CPU
	EndGlobalSection
	GlobalSection(SolutionProperties) = preSolution
		HideSolutionNode = FALSE
	EndGlobalSection
	GlobalSection(ExtensibilityGlobals) = postSolution
		SolutionGuid = {274AB525-4665-4BDD-B300-151B6FE939FB}
	EndGlobalSection
EndGlobal
